{
    "name": "example-shamir-secret-sharing-ts",
    "version": "1.0.0",
    "lockfileVersion": 3,
    "requires": true,
    "packages": {
        "": {
            "name": "example-shamir-secret-sharing-ts",
            "version": "1.0.0",
            "license": "MIT",
            "dependencies": {
                "multiformats": "^13.3.2",
                "shamir-secret-sharing": "^0.0.4"
            }
        },
        "node_modules/multiformats": {
            "version": "13.3.2",
            "resolved": "https://registry.npmjs.org/multiformats/-/multiformats-13.3.2.tgz",
            "integrity": "sha512-qbB0CQDt3QKfiAzZ5ZYjLFOs+zW43vA4uyM8g27PeEuXZybUOFyjrVdP93HPBHMoglibwfkdVwbzfUq8qGcH6g=="
        },
        "node_modules/shamir-secret-sharing": {
            "version": "0.0.4",
            "resolved": "https://registry.npmjs.org/shamir-secret-sharing/-/shamir-secret-sharing-0.0.4.tgz",
            "integrity": "sha512-ui8u/cIg2j16b9on/LH3V/glL6wHdwiTo/Iajzqx0STniBvuOzl6VYUxhrow3waF0dggovJfYiBZSWfTAN4XLQ=="
        }
    }
}
